PODS:
  - Expecta (1.0.6)
  - OCMock (3.4.2)
  - Quick (1.3.0)

DEPENDENCIES:
  - Expecta
  - OCMock
  - Quick

SPEC REPOS:
  https://github.com/CocoaPods/Specs.git:
    - Expecta
    - OCMock
    - Quick

SPEC CHECKSUMS:
  Expecta: 3b6bd90a64b9a1dcb0b70aa0e10a7f8f631667d5
  OCMock: ebe9ee1dca7fbed0ff9193ac0b3e2d8862ea56f6
  Quick: 03278013f71aa05fe9ecabc94fbcc6835f1ee76f

PODFILE CHECKSUM: 9459ed323e22afc5735b7854a442b57613e47d79

COCOAPODS: 1.5.0
